
Microsoft Visual Studio Solution File, Format Version 11.00
# Visual Studio 2010
Project("{FAE04EC0-301F-11D3-BF4B-00C04F79EFBC}") = "Assembly-CSharp", "Assembly-CSharp.csproj", "{C38E6944-B9BA-E907-E59B-96E7211C3FAC}"
EndProject
Global
	GlobalSection(SolutionConfigurationPlatforms) = preSolution
		Debug|Any CPU = Debug|Any CPU
		Release|Any CPU = Release|Any CPU
	EndGlobalSection
	GlobalSection(ProjectConfigurationPlatforms) = postSolution
		{C38E6944-B9BA-E907-E59B-96E7211C3FAC}.Debug|Any CPU.ActiveCfg = Debug|Any CPU
		{C38E6944-B9BA-E907-E59B-96E7211C3FAC}.Debug|Any CPU.Build.0 = Debug|Any CPU
		{C38E6944-B9BA-E907-E59B-96E7211C3FAC}.Release|Any CPU.ActiveCfg = Release|Any CPU
		{C38E6944-B9BA-E907-E59B-96E7211C3FAC}.Release|Any CPU.Build.0 = Release|Any CPU
	EndGlobalSection
	GlobalSection(SolutionProperties) = preSolution
		HideSolutionNode = FALSE
	EndGlobalSection
EndGlobal
